// !$*UTF8*$!
{
	archiveVersion = 1;
	classes = {
	};
	objectVersion = 46;
	objects = {

/* Begin PBXBuildFile section */
		213F8D921DB4A71E0009CFB4 /* Follow.storyboard in Resources */ = {isa = PBXBuildFile; fileRef = 213F8D781DB4A71E0009CFB4 /* Follow.storyboard */; };
		213F8D931DB4A71E0009CFB4 /* FollowViewController.swift in Sources */ = {isa = PBXBuildFile; fileRef = 213F8D791DB4A71E0009CFB4 /* FollowViewController.swift */; };
		213F8D941DB4A71E0009CFB4 /* Home.storyboard in Resources */ = {isa = PBXBuildFile; fileRef = 213F8D7B1DB4A71E0009CFB4 /* Home.storyboard */; };
		213F8D961DB4A71E0009CFB4 /* PageContentView.swift in Sources */ = {isa = PBXBuildFile; fileRef = 213F8D7D1DB4A71E0009CFB4 /* PageContentView.swift */; };
		213F8D971DB4A71E0009CFB4 /* PageTitleView.swift in Sources */ = {isa = PBXBuildFile; fileRef = 213F8D7E1DB4A71E0009CFB4 /* PageTitleView.swift */; };
		213F8D981DB4A71E0009CFB4 /* RecommendViewController.swift in Sources */ = {isa = PBXBuildFile; fileRef = 213F8D7F1DB4A71E0009CFB4 /* RecommendViewController.swift */; };
		213F8D991DB4A71E0009CFB4 /* Live.storyboard in Resources */ = {isa = PBXBuildFile; fileRef = 213F8D811DB4A71E0009CFB4 /* Live.storyboard */; };
		213F8D9A1DB4A71E0009CFB4 /* LiveViewController.swift in Sources */ = {isa = PBXBuildFile; fileRef = 213F8D821DB4A71E0009CFB4 /* LiveViewController.swift */; };
		213F8D9B1DB4A71E0009CFB4 /* BaseAnchorViewController.swift in Sources */ = {isa = PBXBuildFile; fileRef = 213F8D841DB4A71E0009CFB4 /* BaseAnchorViewController.swift */; };
		213F8D9C1DB4A71F0009CFB4 /* MainViewController.swift in Sources */ = {isa = PBXBuildFile; fileRef = 213F8D851DB4A71E0009CFB4 /* MainViewController.swift */; };
		213F8D9D1DB4A71F0009CFB4 /* Profile.storyboard in Resources */ = {isa = PBXBuildFile; fileRef = 213F8D871DB4A71E0009CFB4 /* Profile.storyboard */; };
		213F8D9E1DB4A71F0009CFB4 /* ProfileViewController.swift in Sources */ = {isa = PBXBuildFile; fileRef = 213F8D881DB4A71E0009CFB4 /* ProfileViewController.swift */; };
		213F8D9F1DB4A71F0009CFB4 /* SettingUserHeadCell.swift in Sources */ = {isa = PBXBuildFile; fileRef = 213F8D891DB4A71E0009CFB4 /* SettingUserHeadCell.swift */; };
		213F8DA01DB4A71F0009CFB4 /* SettingUserHeadCell.xib in Resources */ = {isa = PBXBuildFile; fileRef = 213F8D8A1DB4A71E0009CFB4 /* SettingUserHeadCell.xib */; };
		213F8DA11DB4A71F0009CFB4 /* SettingUserHeaderView.swift in Sources */ = {isa = PBXBuildFile; fileRef = 213F8D8B1DB4A71E0009CFB4 /* SettingUserHeaderView.swift */; };
		213F8DA21DB4A71F0009CFB4 /* SettingView.swift in Sources */ = {isa = PBXBuildFile; fileRef = 213F8D8C1DB4A71E0009CFB4 /* SettingView.swift */; };
		213F8DA31DB4A71F0009CFB4 /* Common.swift in Sources */ = {isa = PBXBuildFile; fileRef = 213F8D8E1DB4A71E0009CFB4 /* Common.swift */; };
		213F8DA41DB4A71F0009CFB4 /* NSDate-Extension.swift in Sources */ = {isa = PBXBuildFile; fileRef = 213F8D8F1DB4A71E0009CFB4 /* NSDate-Extension.swift */; };
		213F8DA51DB4A71F0009CFB4 /* UIBarButtonItem-Extension.swift in Sources */ = {isa = PBXBuildFile; fileRef = 213F8D901DB4A71E0009CFB4 /* UIBarButtonItem-Extension.swift */; };
		213F8DA61DB4A71F0009CFB4 /* UIColor-Extension.swift in Sources */ = {isa = PBXBuildFile; fileRef = 213F8D911DB4A71E0009CFB4 /* UIColor-Extension.swift */; };
		213F8DA81DB4A8880009CFB4 /* HomeViewController.swift in Sources */ = {isa = PBXBuildFile; fileRef = 213F8DA71DB4A8880009CFB4 /* HomeViewController.swift */; };
		213F8DAA1DB4AA100009CFB4 /* Main.storyboard in Resources */ = {isa = PBXBuildFile; fileRef = 213F8DA91DB4AA100009CFB4 /* Main.storyboard */; };
		2156F7E01DB1F38D00DF0E26 /* AppDelegate.swift in Sources */ = {isa = PBXBuildFile; fileRef = 2156F7DF1DB1F38D00DF0E26 /* AppDelegate.swift */; };
		2156F7E51DB1F38D00DF0E26 /* Main.storyboard in Resources */ = {isa = PBXBuildFile; fileRef = 2156F7E31DB1F38D00DF0E26 /* Main.storyboard */; };
		2156F7E71DB1F38D00DF0E26 /* Assets.xcassets in Resources */ = {isa = PBXBuildFile; fileRef = 2156F7E61DB1F38D00DF0E26 /* Assets.xcassets */; };
		2156F7EA1DB1F38D00DF0E26 /* LaunchScreen.storyboard in Resources */ = {isa = PBXBuildFile; fileRef = 2156F7E81DB1F38D00DF0E26 /* LaunchScreen.storyboard */; };
		2156F7F51DB1F38D00DF0E26 /* DyLiveTests.swift in Sources */ = {isa = PBXBuildFile; fileRef = 2156F7F41DB1F38D00DF0E26 /* DyLiveTests.swift */; };
		2156F8001DB1F38D00DF0E26 /* DyLiveUITests.swift in Sources */ = {isa = PBXBuildFile; fileRef = 2156F7FF1DB1F38D00DF0E26 /* DyLiveUITests.swift */; };
/* End PBXBuildFile section */

/* Begin PBXContainerItemProxy section */
		2156F7F11DB1F38D00DF0E26 /* PBXContainerItemProxy */ = {
			isa = PBXContainerItemProxy;
			containerPortal = 2156F7D41DB1F38D00DF0E26 /* Project object */;
			proxyType = 1;
			remoteGlobalIDString = 2156F7DB1DB1F38D00DF0E26;
			remoteInfo = DyLive;
		};
		2156F7FC1DB1F38D00DF0E26 /* PBXContainerItemProxy */ = {
			isa = PBXContainerItemProxy;
			containerPortal = 2156F7D41DB1F38D00DF0E26 /* Project object */;
			proxyType = 1;
			remoteGlobalIDString = 2156F7DB1DB1F38D00DF0E26;
			remoteInfo = DyLive;
		};
/* End PBXContainerItemProxy section */

/* Begin PBXFileReference section */
		213F8D781DB4A71E0009CFB4 /* Follow.storyboard */ = {isa = PBXFileReference; fileEncoding = 4; lastKnownFileType = file.storyboard; path = Follow.storyboard; sourceTree = "<group>"; };
		213F8D791DB4A71E0009CFB4 /* FollowViewController.swift */ = {isa = PBXFileReference; fileEncoding = 4; lastKnownFileType = sourcecode.swift; path = FollowViewController.swift; sourceTree = "<group>"; };
		213F8D7B1DB4A71E0009CFB4 /* Home.storyboard */ = {isa = PBXFileReference; fileEncoding = 4; lastKnownFileType = file.storyboard; path = Home.storyboard; sourceTree = "<group>"; };
		213F8D7D1DB4A71E0009CFB4 /* PageContentView.swift */ = {isa = PBXFileReference; fileEncoding = 4; lastKnownFileType = sourcecode.swift; path = PageContentView.swift; sourceTree = "<group>"; };
		213F8D7E1DB4A71E0009CFB4 /* PageTitleView.swift */ = {isa = PBXFileReference; fileEncoding = 4; lastKnownFileType = sourcecode.swift; path = PageTitleView.swift; sourceTree = "<group>"; };
		213F8D7F1DB4A71E0009CFB4 /* RecommendViewController.swift */ = {isa = PBXFileReference; fileEncoding = 4; lastKnownFileType = sourcecode.swift; path = RecommendViewController.swift; sourceTree = "<group>"; };
		213F8D811DB4A71E0009CFB4 /* Live.storyboard */ = {isa = PBXFileReference; fileEncoding = 4; lastKnownFileType = file.storyboard; path = Live.storyboard; sourceTree = "<group>"; };
		213F8D821DB4A71E0009CFB4 /* LiveViewController.swift */ = {isa = PBXFileReference; fileEncoding = 4; lastKnownFileType = sourcecode.swift; path = LiveViewController.swift; sourceTree = "<group>"; };
		213F8D841DB4A71E0009CFB4 /* BaseAnchorViewController.swift */ = {isa = PBXFileReference; fileEncoding = 4; lastKnownFileType = sourcecode.swift; path = BaseAnchorViewController.swift; sourceTree = "<group>"; };
		213F8D851DB4A71E0009CFB4 /* MainViewController.swift */ = {isa = PBXFileReference; fileEncoding = 4; lastKnownFileType = sourcecode.swift; path = MainViewController.swift; sourceTree = "<group>"; };
		213F8D871DB4A71E0009CFB4 /* Profile.storyboard */ = {isa = PBXFileReference; fileEncoding = 4; lastKnownFileType = file.storyboard; path = Profile.storyboard; sourceTree = "<group>"; };
		213F8D881DB4A71E0009CFB4 /* ProfileViewController.swift */ = {isa = PBXFileReference; fileEncoding = 4; lastKnownFileType = sourcecode.swift; path = ProfileViewController.swift; sourceTree = "<group>"; };
		213F8D891DB4A71E0009CFB4 /* SettingUserHeadCell.swift */ = {isa = PBXFileReference; fileEncoding = 4; lastKnownFileType = sourcecode.swift; path = SettingUserHeadCell.swift; sourceTree = "<group>"; };
		213F8D8A1DB4A71E0009CFB4 /* SettingUserHeadCell.xib */ = {isa = PBXFileReference; fileEncoding = 4; lastKnownFileType = file.xib; path = SettingUserHeadCell.xib; sourceTree = "<group>"; };
		213F8D8B1DB4A71E0009CFB4 /* SettingUserHeaderView.swift */ = {isa = PBXFileReference; fileEncoding = 4; lastKnownFileType = sourcecode.swift; path = SettingUserHeaderView.swift; sourceTree = "<group>"; };
		213F8D8C1DB4A71E0009CFB4 /* SettingView.swift */ = {isa = PBXFileReference; fileEncoding = 4; lastKnownFileType = sourcecode.swift; path = SettingView.swift; sourceTree = "<group>"; };
		213F8D8E1DB4A71E0009CFB4 /* Common.swift */ = {isa = PBXFileReference; fileEncoding = 4; lastKnownFileType = sourcecode.swift; path = Common.swift; sourceTree = "<group>"; };
		213F8D8F1DB4A71E0009CFB4 /* NSDate-Extension.swift */ = {isa = PBXFileReference; fileEncoding = 4; lastKnownFileType = sourcecode.swift; path = "NSDate-Extension.swift"; sourceTree = "<group>"; };
		213F8D901DB4A71E0009CFB4 /* UIBarButtonItem-Extension.swift */ = {isa = PBXFileReference; fileEncoding = 4; lastKnownFileType = sourcecode.swift; path = "UIBarButtonItem-Extension.swift"; sourceTree = "<group>"; };
		213F8D911DB4A71E0009CFB4 /* UIColor-Extension.swift */ = {isa = PBXFileReference; fileEncoding = 4; lastKnownFileType = sourcecode.swift; path = "UIColor-Extension.swift"; sourceTree = "<group>"; };
		213F8DA71DB4A8880009CFB4 /* HomeViewController.swift */ = {isa = PBXFileReference; fileEncoding = 4; lastKnownFileType = sourcecode.swift; path = HomeViewController.swift; sourceTree = "<group>"; };
		213F8DA91DB4AA100009CFB4 /* Main.storyboard */ = {isa = PBXFileReference; fileEncoding = 4; lastKnownFileType = file.storyboard; path = Main.storyboard; sourceTree = "<group>"; };
		2156F7DC1DB1F38D00DF0E26 /* DyLive.app */ = {isa = PBXFileReference; explicitFileType = wrapper.application; includeInIndex = 0; path = DyLive.app; sourceTree = BUILT_PRODUCTS_DIR; };
		2156F7DF1DB1F38D00DF0E26 /* AppDelegate.swift */ = {isa = PBXFileReference; lastKnownFileType = sourcecode.swift; path = AppDelegate.swift; sourceTree = "<group>"; };
		2156F7E41DB1F38D00DF0E26 /* Base */ = {isa = PBXFileReference; lastKnownFileType = file.storyboard; name = Base; path = Base.lproj/Main.storyboard; sourceTree = "<group>"; };
		2156F7E61DB1F38D00DF0E26 /* Assets.xcassets */ = {isa = PBXFileReference; lastKnownFileType = folder.assetcatalog; path = Assets.xcassets; sourceTree = "<group>"; };
		2156F7E91DB1F38D00DF0E26 /* Base */ = {isa = PBXFileReference; lastKnownFileType = file.storyboard; name = Base; path = Base.lproj/LaunchScreen.storyboard; sourceTree = "<group>"; };
		2156F7EB1DB1F38D00DF0E26 /* Info.plist */ = {isa = PBXFileReference; lastKnownFileType = text.plist.xml; path = Info.plist; sourceTree = "<group>"; };
		2156F7F01DB1F38D00DF0E26 /* DyLiveTests.xctest */ = {isa = PBXFileReference; explicitFileType = wrapper.cfbundle; includeInIndex = 0; path = DyLiveTests.xctest; sourceTree = BUILT_PRODUCTS_DIR; };
		2156F7F41DB1F38D00DF0E26 /* DyLiveTests.swift */ = {isa = PBXFileReference; lastKnownFileType = sourcecode.swift; path = DyLiveTests.swift; sourceTree = "<group>"; };
		2156F7F61DB1F38D00DF0E26 /* Info.plist */ = {isa = PBXFileReference; lastKnownFileType = text.plist.xml; path = Info.plist; sourceTree = "<group>"; };
		2156F7FB1DB1F38D00DF0E26 /* DyLiveUITests.xctest */ = {isa = PBXFileReference; explicitFileType = wrapper.cfbundle; includeInIndex = 0; path = DyLiveUITests.xctest; sourceTree = BUILT_PRODUCTS_DIR; };
		2156F7FF1DB1F38D00DF0E26 /* DyLiveUITests.swift */ = {isa = PBXFileReference; lastKnownFileType = sourcecode.swift; path = DyLiveUITests.swift; sourceTree = "<group>"; };
		2156F8011DB1F38D00DF0E26 /* Info.plist */ = {isa = PBXFileReference; lastKnownFileType = text.plist.xml; path = Info.plist; sourceTree = "<group>"; };
/* End PBXFileReference section */

/* Begin PBXFrameworksBuildPhase section */
		2156F7D91DB1F38D00DF0E26 /* Frameworks */ = {
			isa = PBXFrameworksBuildPhase;
			buildActionMask = 2147483647;
			files = (
			);
			runOnlyForDeploymentPostprocessing = 0;
		};
		2156F7ED1DB1F38D00DF0E26 /* Frameworks */ = {
			isa = PBXFrameworksBuildPhase;
			buildActionMask = 2147483647;
			files = (
			);
			runOnlyForDeploymentPostprocessing = 0;
		};
		2156F7F81DB1F38D00DF0E26 /* Frameworks */ = {
			isa = PBXFrameworksBuildPhase;
			buildActionMask = 2147483647;
			files = (
			);
			runOnlyForDeploymentPostprocessing = 0;
		};
/* End PBXFrameworksBuildPhase section */

/* Begin PBXGroup section */
		213F8D771DB4A71E0009CFB4 /* Follow */ = {
			isa = PBXGroup;
			children = (
				213F8D781DB4A71E0009CFB4 /* Follow.storyboard */,
				213F8D791DB4A71E0009CFB4 /* FollowViewController.swift */,
			);
			path = Follow;
			sourceTree = "<group>";
		};
		213F8D7A1DB4A71E0009CFB4 /* Home */ = {
			isa = PBXGroup;
			children = (
				213F8DA71DB4A8880009CFB4 /* HomeViewController.swift */,
				213F8D7B1DB4A71E0009CFB4 /* Home.storyboard */,
				213F8D7D1DB4A71E0009CFB4 /* PageContentView.swift */,
				213F8D7E1DB4A71E0009CFB4 /* PageTitleView.swift */,
				213F8D7F1DB4A71E0009CFB4 /* RecommendViewController.swift */,
			);
			path = Home;
			sourceTree = "<group>";
		};
		213F8D801DB4A71E0009CFB4 /* Live */ = {
			isa = PBXGroup;
			children = (
				213F8D811DB4A71E0009CFB4 /* Live.storyboard */,
				213F8D821DB4A71E0009CFB4 /* LiveViewController.swift */,
			);
			path = Live;
			sourceTree = "<group>";
		};
		213F8D831DB4A71E0009CFB4 /* Main */ = {
			isa = PBXGroup;
			children = (
				213F8DA91DB4AA100009CFB4 /* Main.storyboard */,
				213F8D841DB4A71E0009CFB4 /* BaseAnchorViewController.swift */,
				213F8D851DB4A71E0009CFB4 /* MainViewController.swift */,
			);
			path = Main;
			sourceTree = "<group>";
		};
		213F8D861DB4A71E0009CFB4 /* Profile */ = {
			isa = PBXGroup;
			children = (
				213F8D871DB4A71E0009CFB4 /* Profile.storyboard */,
				213F8D881DB4A71E0009CFB4 /* ProfileViewController.swift */,
				213F8D891DB4A71E0009CFB4 /* SettingUserHeadCell.swift */,
				213F8D8A1DB4A71E0009CFB4 /* SettingUserHeadCell.xib */,
				213F8D8B1DB4A71E0009CFB4 /* SettingUserHeaderView.swift */,
				213F8D8C1DB4A71E0009CFB4 /* SettingView.swift */,
			);
			path = Profile;
			sourceTree = "<group>";
		};
		213F8D8D1DB4A71E0009CFB4 /* Tool */ = {
			isa = PBXGroup;
			children = (
				213F8D8E1DB4A71E0009CFB4 /* Common.swift */,
				213F8D8F1DB4A71E0009CFB4 /* NSDate-Extension.swift */,
				213F8D901DB4A71E0009CFB4 /* UIBarButtonItem-Extension.swift */,
				213F8D911DB4A71E0009CFB4 /* UIColor-Extension.swift */,
			);
			path = Tool;
			sourceTree = "<group>";
		};
		2156F7D31DB1F38D00DF0E26 = {
			isa = PBXGroup;
			children = (
				2156F7DE1DB1F38D00DF0E26 /* DyLive */,
				2156F7F31DB1F38D00DF0E26 /* DyLiveTests */,
				2156F7FE1DB1F38D00DF0E26 /* DyLiveUITests */,
				2156F7DD1DB1F38D00DF0E26 /* Products */,
			);
			sourceTree = "<group>";
		};
		2156F7DD1DB1F38D00DF0E26 /* Products */ = {
			isa = PBXGroup;
			children = (
				2156F7DC1DB1F38D00DF0E26 /* DyLive.app */,
				2156F7F01DB1F38D00DF0E26 /* DyLiveTests.xctest */,
				2156F7FB1DB1F38D00DF0E26 /* DyLiveUITests.xctest */,
			);
			name = Products;
			sourceTree = "<group>";
		};
		2156F7DE1DB1F38D00DF0E26 /* DyLive */ = {
			isa = PBXGroup;
			children = (
				213F8D771DB4A71E0009CFB4 /* Follow */,
				213F8D7A1DB4A71E0009CFB4 /* Home */,
				213F8D801DB4A71E0009CFB4 /* Live */,
				213F8D831DB4A71E0009CFB4 /* Main */,
				213F8D861DB4A71E0009CFB4 /* Profile */,
				213F8D8D1DB4A71E0009CFB4 /* Tool */,
				2156F7DF1DB1F38D00DF0E26 /* AppDelegate.swift */,
				2156F7E31DB1F38D00DF0E26 /* Main.storyboard */,
				2156F7E61DB1F38D00DF0E26 /* Assets.xcassets */,
				2156F7E81DB1F38D00DF0E26 /* LaunchScreen.storyboard */,
				2156F7EB1DB1F38D00DF0E26 /* Info.plist */,
			);
			path = DyLive;
			sourceTree = "<group>";
		};
		2156F7F31DB1F38D00DF0E26 /* DyLiveTests */ = {
			isa = PBXGroup;
			children = (
				2156F7F41DB1F38D00DF0E26 /* DyLiveTests.swift */,
				2156F7F61DB1F38D00DF0E26 /* Info.plist */,
			);
			path = DyLiveTests;
			sourceTree = "<group>";
		};
		2156F7FE1DB1F38D00DF0E26 /* DyLiveUITests */ = {
			isa = PBXGroup;
			children = (
				2156F7FF1DB1F38D00DF0E26 /* DyLiveUITests.swift */,
				2156F8011DB1F38D00DF0E26 /* Info.plist */,
			);
			path = DyLiveUITests;
			sourceTree = "<group>";
		};
/* End PBXGroup section */

/* Begin PBXNativeTarget section */
		2156F7DB1DB1F38D00DF0E26 /* DyLive */ = {
			isa = PBXNativeTarget;
			buildConfigurationList = 2156F8041DB1F38D00DF0E26 /* Build configuration list for PBXNativeTarget "DyLive" */;
			buildPhases = (
				2156F7D81DB1F38D00DF0E26 /* Sources */,
				2156F7D91DB1F38D00DF0E26 /* Frameworks */,
				2156F7DA1DB1F38D00DF0E26 /* Resources */,
			);
			buildRules = (
			);
			dependencies = (
			);
			name = DyLive;
			productName = DyLive;
			productReference = 2156F7DC1DB1F38D00DF0E26 /* DyLive.app */;
			productType = "com.apple.product-type.application";
		};
		2156F7EF1DB1F38D00DF0E26 /* DyLiveTests */ = {
			isa = PBXNativeTarget;
			buildConfigurationList = 2156F8071DB1F38D00DF0E26 /* Build configuration list for PBXNativeTarget "DyLiveTests" */;
			buildPhases = (
				2156F7EC1DB1F38D00DF0E26 /* Sources */,
				2156F7ED1DB1F38D00DF0E26 /* Frameworks */,
				2156F7EE1DB1F38D00DF0E26 /* Resources */,
			);
			buildRules = (
			);
			dependencies = (
				2156F7F21DB1F38D00DF0E26 /* PBXTargetDependency */,
			);
			name = DyLiveTests;
			productName = DyLiveTests;
			productReference = 2156F7F01DB1F38D00DF0E26 /* DyLiveTests.xctest */;
			productType = "com.apple.product-type.bundle.unit-test";
		};
		2156F7FA1DB1F38D00DF0E26 /* DyLiveUITests */ = {
			isa = PBXNativeTarget;
			buildConfigurationList = 2156F80A1DB1F38D00DF0E26 /* Build configuration list for PBXNativeTarget "DyLiveUITests" */;
			buildPhases = (
				2156F7F71DB1F38D00DF0E26 /* Sources */,
				2156F7F81DB1F38D00DF0E26 /* Frameworks */,
				2156F7F91DB1F38D00DF0E26 /* Resources */,
			);
			buildRules = (
			);
			dependencies = (
				2156F7FD1DB1F38D00DF0E26 /* PBXTargetDependency */,
			);
			name = DyLiveUITests;
			productName = DyLiveUITests;
			productReference = 2156F7FB1DB1F38D00DF0E26 /* DyLiveUITests.xctest */;
			productType = "com.apple.product-type.bundle.ui-testing";
		};
/* End PBXNativeTarget section */

/* Begin PBXProject section */
		2156F7D41DB1F38D00DF0E26 /* Project object */ = {
			isa = PBXProject;
			attributes = {
				LastSwiftUpdateCheck = 0800;
				LastUpgradeCheck = 0800;
				ORGANIZATIONNAME = cza;
				TargetAttributes = {
					2156F7DB1DB1F38D00DF0E26 = {
						CreatedOnToolsVersion = 8.0;
						DevelopmentTeam = 97839Z53UB;
						ProvisioningStyle = Manual;
					};
					2156F7EF1DB1F38D00DF0E26 = {
						CreatedOnToolsVersion = 8.0;
						ProvisioningStyle = Automatic;
						TestTargetID = 2156F7DB1DB1F38D00DF0E26;
					};
					2156F7FA1DB1F38D00DF0E26 = {
						CreatedOnToolsVersion = 8.0;
						ProvisioningStyle = Automatic;
						TestTargetID = 2156F7DB1DB1F38D00DF0E26;
					};
				};
			};
			buildConfigurationList = 2156F7D71DB1F38D00DF0E26 /* Build configuration list for PBXProject "DyLive" */;
			compatibilityVersion = "Xcode 3.2";
			developmentRegion = English;
			hasScannedForEncodings = 0;
			knownRegions = (
				en,
				Base,
			);
			mainGroup = 2156F7D31DB1F38D00DF0E26;
			productRefGroup = 2156F7DD1DB1F38D00DF0E26 /* Products */;
			projectDirPath = "";
			projectRoot = "";
			targets = (
				2156F7DB1DB1F38D00DF0E26 /* DyLive */,
				2156F7EF1DB1F38D00DF0E26 /* DyLiveTests */,
				2156F7FA1DB1F38D00DF0E26 /* DyLiveUITests */,
			);
		};
/* End PBXProject section */

/* Begin PBXResourcesBuildPhase section */
		2156F7DA1DB1F38D00DF0E26 /* Resources */ = {
			isa = PBXResourcesBuildPhase;
			buildActionMask = 2147483647;
			files = (
				2156F7EA1DB1F38D00DF0E26 /* LaunchScreen.storyboard in Resources */,
				213F8D941DB4A71E0009CFB4 /* Home.storyboard in Resources */,
				213F8D991DB4A71E0009CFB4 /* Live.storyboard in Resources */,
				2156F7E71DB1F38D00DF0E26 /* Assets.xcassets in Resources */,
				2156F7E51DB1F38D00DF0E26 /* Main.storyboard in Resources */,
				213F8D9D1DB4A71F0009CFB4 /* Profile.storyboard in Resources */,
				213F8DAA1DB4AA100009CFB4 /* Main.storyboard in Resources */,
				213F8D921DB4A71E0009CFB4 /* Follow.storyboard in Resources */,
				213F8DA01DB4A71F0009CFB4 /* SettingUserHeadCell.xib in Resources */,
			);
			runOnlyForDeploymentPostprocessing = 0;
		};
		2156F7EE1DB1F38D00DF0E26 /* Resources */ = {
			isa = PBXResourcesBuildPhase;
			buildActionMask = 2147483647;
			files = (
			);
			runOnlyForDeploymentPostprocessing = 0;
		};
		2156F7F91DB1F38D00DF0E26 /* Resources */ = {
			isa = PBXResourcesBuildPhase;
			buildActionMask = 2147483647;
			files = (
			);
			runOnlyForDeploymentPostprocessing = 0;
		};
/* End PBXResourcesBuildPhase section */

/* Begin PBXSourcesBuildPhase section */
		2156F7D81DB1F38D00DF0E26 /* Sources */ = {
			isa = PBXSourcesBuildPhase;
			buildActionMask = 2147483647;
			files = (
				213F8D971DB4A71E0009CFB4 /* PageTitleView.swift in Sources */,
				213F8D931DB4A71E0009CFB4 /* FollowViewController.swift in Sources */,
				213F8D9A1DB4A71E0009CFB4 /* LiveViewController.swift in Sources */,
				213F8DA81DB4A8880009CFB4 /* HomeViewController.swift in Sources */,
				213F8DA21DB4A71F0009CFB4 /* SettingView.swift in Sources */,
				213F8D9B1DB4A71E0009CFB4 /* BaseAnchorViewController.swift in Sources */,
				213F8D981DB4A71E0009CFB4 /* RecommendViewController.swift in Sources */,
				213F8D9E1DB4A71F0009CFB4 /* ProfileViewController.swift in Sources */,
				2156F7E01DB1F38D00DF0E26 /* AppDelegate.swift in Sources */,
				213F8D961DB4A71E0009CFB4 /* PageContentView.swift in Sources */,
				213F8DA51DB4A71F0009CFB4 /* UIBarButtonItem-Extension.swift in Sources */,
				213F8DA41DB4A71F0009CFB4 /* NSDate-Extension.swift in Sources */,
				213F8DA61DB4A71F0009CFB4 /* UIColor-Extension.swift in Sources */,
				213F8D9C1DB4A71F0009CFB4 /* MainViewController.swift in Sources */,
				213F8D9F1DB4A71F0009CFB4 /* SettingUserHeadCell.swift in Sources */,
				213F8DA31DB4A71F0009CFB4 /* Common.swift in Sources */,
				213F8DA11DB4A71F0009CFB4 /* SettingUserHeaderView.swift in Sources */,
			);
			runOnlyForDeploymentPostprocessing = 0;
		};
		2156F7EC1DB1F38D00DF0E26 /* Sources */ = {
			isa = PBXSourcesBuildPhase;
			buildActionMask = 2147483647;
			files = (
				2156F7F51DB1F38D00DF0E26 /* DyLiveTests.swift in Sources */,
			);
			runOnlyForDeploymentPostprocessing = 0;
		};
		2156F7F71DB1F38D00DF0E26 /* Sources */ = {
			isa = PBXSourcesBuildPhase;
			buildActionMask = 2147483647;
			files = (
				2156F8001DB1F38D00DF0E26 /* DyLiveUITests.swift in Sources */,
			);
			runOnlyForDeploymentPostprocessing = 0;
		};
/* End PBXSourcesBuildPhase section */

/* Begin PBXTargetDependency section */
		2156F7F21DB1F38D00DF0E26 /* PBXTargetDependency */ = {
			isa = PBXTargetDependency;
			target = 2156F7DB1DB1F38D00DF0E26 /* DyLive */;
			targetProxy = 2156F7F11DB1F38D00DF0E26 /* PBXContainerItemProxy */;
		};
		2156F7FD1DB1F38D00DF0E26 /* PBXTargetDependency */ = {
			isa = PBXTargetDependency;
			target = 2156F7DB1DB1F38D00DF0E26 /* DyLive */;
			targetProxy = 2156F7FC1DB1F38D00DF0E26 /* PBXContainerItemProxy */;
		};
/* End PBXTargetDependency section */

/* Begin PBXVariantGroup section */
		2156F7E31DB1F38D00DF0E26 /* Main.storyboard */ = {
			isa = PBXVariantGroup;
			children = (
				2156F7E41DB1F38D00DF0E26 /* Base */,
			);
			name = Main.storyboard;
			sourceTree = "<group>";
		};
		2156F7E81DB1F38D00DF0E26 /* LaunchScreen.storyboard */ = {
			isa = PBXVariantGroup;
			children = (
				2156F7E91DB1F38D00DF0E26 /* Base */,
			);
			name = LaunchScreen.storyboard;
			sourceTree = "<group>";
		};
/* End PBXVariantGroup section */

/* Begin XCBuildConfiguration section */
		2156F8021DB1F38D00DF0E26 /* Debug */ = {
			isa = XCBuildConfiguration;
			buildSettings = {
				ALWAYS_SEARCH_USER_PATHS = NO;
				CLANG_ANALYZER_NONNULL = YES;
				CLANG_CXX_LANGUAGE_STANDARD = "gnu++0x";
				CLANG_CXX_LIBRARY = "libc++";
				CLANG_ENABLE_MODULES = YES;
				CLANG_ENABLE_OBJC_ARC = YES;
				CLANG_WARN_BOOL_CONVERSION = YES;
				CLANG_WARN_CONSTANT_CONVERSION = YES;
				CLANG_WARN_DIRECT_OBJC_ISA_USAGE = YES_ERROR;
				CLANG_WARN_DOCUMENTATION_COMMENTS = YES;
				CLANG_WARN_EMPTY_BODY = YES;
				CLANG_WARN_ENUM_CONVERSION = YES;
				CLANG_WARN_INFINITE_RECURSION = YES;
				CLANG_WARN_INT_CONVERSION = YES;
				CLANG_WARN_OBJC_ROOT_CLASS = YES_ERROR;
				CLANG_WARN_SUSPICIOUS_MOVES = YES;
				CLANG_WARN_UNREACHABLE_CODE = YES;
				CLANG_WARN__DUPLICATE_METHOD_MATCH = YES;
				"CODE_SIGN_IDENTITY[sdk=iphoneos*]" = "iPhone Developer";
				COPY_PHASE_STRIP = NO;
				DEBUG_INFORMATION_FORMAT = dwarf;
				ENABLE_STRICT_OBJC_MSGSEND = YES;
				ENABLE_TESTABILITY = YES;
				GCC_C_LANGUAGE_STANDARD = gnu99;
				GCC_DYNAMIC_NO_PIC = NO;
				GCC_NO_COMMON_BLOCKS = YES;
				GCC_OPTIMIZATION_LEVEL = 0;
				GCC_PREPROCESSOR_DEFINITIONS = (
					"DEBUG=1",
					"$(inherited)",
				);
				GCC_WARN_64_TO_32_BIT_CONVERSION = YES;
				GCC_WARN_ABOUT_RETURN_TYPE = YES_ERROR;
				GCC_WARN_UNDECLARED_SELECTOR = YES;
				GCC_WARN_UNINITIALIZED_AUTOS = YES_AGGRESSIVE;
				GCC_WARN_UNUSED_FUNCTION = YES;
				GCC_WARN_UNUSED_VARIABLE = YES;
				IPHONEOS_DEPLOYMENT_TARGET = 10.0;
				MTL_ENABLE_DEBUG_INFO = YES;
				ONLY_ACTIVE_ARCH = YES;
				SDKROOT = iphoneos;
				SWIFT_ACTIVE_COMPILATION_CONDITIONS = DEBUG;
				SWIFT_OPTIMIZATION_LEVEL = "-Onone";
				TARGETED_DEVICE_FAMILY = "1,2";
			};
			name = Debug;
		};
		2156F8031DB1F38D00DF0E26 /* Release */ = {
			isa = XCBuildConfiguration;
			buildSettings = {
				ALWAYS_SEARCH_USER_PATHS = NO;
				CLANG_ANALYZER_NONNULL = YES;
				CLANG_CXX_LANGUAGE_STANDARD = "gnu++0x";
				CLANG_CXX_LIBRARY = "libc++";
				CLANG_ENABLE_MODULES = YES;
				CLANG_ENABLE_OBJC_ARC = YES;
				CLANG_WARN_BOOL_CONVERSION = YES;
				CLANG_WARN_CONSTANT_CONVERSION = YES;
				CLANG_WARN_DIRECT_OBJC_ISA_USAGE = YES_ERROR;
				CLANG_WARN_DOCUMENTATION_COMMENTS = YES;
				CLANG_WARN_EMPTY_BODY = YES;
				CLANG_WARN_ENUM_CONVERSION = YES;
				CLANG_WARN_INFINITE_RECURSION = YES;
				CLANG_WARN_INT_CONVERSION = YES;
				CLANG_WARN_OBJC_ROOT_CLASS = YES_ERROR;
				CLANG_WARN_SUSPICIOUS_MOVES = YES;
				CLANG_WARN_UNREACHABLE_CODE = YES;
				CLANG_WARN__DUPLICATE_METHOD_MATCH = YES;
				"CODE_SIGN_IDENTITY[sdk=iphoneos*]" = "iPhone Developer";
				COPY_PHASE_STRIP = NO;
				DEBUG_INFORMATION_FORMAT = "dwarf-with-dsym";
				ENABLE_NS_ASSERTIONS = NO;
				ENABLE_STRICT_OBJC_MSGSEND = YES;
				GCC_C_LANGUAGE_STANDARD = gnu99;
				GCC_NO_COMMON_BLOCKS = YES;
				GCC_WARN_64_TO_32_BIT_CONVERSION = YES;
				GCC_WARN_ABOUT_RETURN_TYPE = YES_ERROR;
				GCC_WARN_UNDECLARED_SELECTOR = YES;
				GCC_WARN_UNINITIALIZED_AUTOS = YES_AGGRESSIVE;
				GCC_WARN_UNUSED_FUNCTION = YES;
				GCC_WARN_UNUSED_VARIABLE = YES;
				IPHONEOS_DEPLOYMENT_TARGET = 10.0;
				MTL_ENABLE_DEBUG_INFO = NO;
				SDKROOT = iphoneos;
				SWIFT_OPTIMIZATION_LEVEL = "-Owholemodule";
				TARGETED_DEVICE_FAMILY = "1,2";
				VALIDATE_PRODUCT = YES;
			};
			name = Release;
		};
		2156F8051DB1F38D00DF0E26 /* Debug */ = {
			isa = XCBuildConfiguration;
			buildSettings = {
				ASSETCATALOG_COMPILER_APPICON_NAME = AppIcon;
				DEVELOPMENT_TEAM = 97839Z53UB;
				INFOPLIST_FILE = DyLive/Info.plist;
				LD_RUNPATH_SEARCH_PATHS = "$(inherited) @executable_path/Frameworks";
				PRODUCT_BUNDLE_IDENTIFIER = cza.DyLive;
				PRODUCT_NAME = "$(TARGET_NAME)";
				PROVISIONING_PROFILE = "a4852569-68eb-43c8-913e-49392d3b1664";
				PROVISIONING_PROFILE_SPECIFIER = team;
				SWIFT_VERSION = 3.0;
			};
			name = Debug;
		};
		2156F8061DB1F38D00DF0E26 /* Release */ = {
			isa = XCBuildConfiguration;
			buildSettings = {
				ASSETCATALOG_COMPILER_APPICON_NAME = AppIcon;
				DEVELOPMENT_TEAM = 97839Z53UB;
				INFOPLIST_FILE = DyLive/Info.plist;
				LD_RUNPATH_SEARCH_PATHS = "$(inherited) @executable_path/Frameworks";
				PRODUCT_BUNDLE_IDENTIFIER = cza.DyLive;
				PRODUCT_NAME = "$(TARGET_NAME)";
				PROVISIONING_PROFILE = "a4852569-68eb-43c8-913e-49392d3b1664";
				PROVISIONING_PROFILE_SPECIFIER = team;
				SWIFT_VERSION = 3.0;
			};
			name = Release;
		};
		2156F8081DB1F38D00DF0E26 /* Debug */ = {
			isa = XCBuildConfiguration;
			buildSettings = {
				ALWAYS_EMBED_SWIFT_STANDARD_LIBRARIES = YES;
				BUNDLE_LOADER = "$(TEST_HOST)";
				INFOPLIST_FILE = DyLiveTests/Info.plist;
				LD_RUNPATH_SEARCH_PATHS = "$(inherited) @executable_path/Frameworks @loader_path/Frameworks";
				PRODUCT_BUNDLE_IDENTIFIER = cza.DyLiveTests;
				PRODUCT_NAME = "$(TARGET_NAME)";
				SWIFT_VERSION = 3.0;
				TEST_HOST = "$(BUILT_PRODUCTS_DIR)/DyLive.app/DyLive";
			};
			name = Debug;
		};
		2156F8091DB1F38D00DF0E26 /* Release */ = {
			isa = XCBuildConfiguration;
			buildSettings = {
				ALWAYS_EMBED_SWIFT_STANDARD_LIBRARIES = YES;
				BUNDLE_LOADER = "$(TEST_HOST)";
				INFOPLIST_FILE = DyLiveTests/Info.plist;
				LD_RUNPATH_SEARCH_PATHS = "$(inherited) @executable_path/Frameworks @loader_path/Frameworks";
				PRODUCT_BUNDLE_IDENTIFIER = cza.DyLiveTests;
				PRODUCT_NAME = "$(TARGET_NAME)";
				SWIFT_VERSION = 3.0;
				TEST_HOST = "$(BUILT_PRODUCTS_DIR)/DyLive.app/DyLive";
			};
			name = Release;
		};
		2156F80B1DB1F38D00DF0E26 /* Debug */ = {
			isa = XCBuildConfiguration;
			buildSettings = {
				ALWAYS_EMBED_SWIFT_STANDARD_LIBRARIES = YES;
				INFOPLIST_FILE = DyLiveUITests/Info.plist;
				LD_RUNPATH_SEARCH_PATHS = "$(inherited) @executable_path/Frameworks @loader_path/Frameworks";
				PRODUCT_BUNDLE_IDENTIFIER = cza.DyLiveUITests;
				PRODUCT_NAME = "$(TARGET_NAME)";
				SWIFT_VERSION = 3.0;
				TEST_TARGET_NAME = DyLive;
			};
			name = Debug;
		};
		2156F80C1DB1F38D00DF0E26 /* Release */ = {
			isa = XCBuildConfiguration;
			buildSettings = {
				ALWAYS_EMBED_SWIFT_STANDARD_LIBRARIES = YES;
				INFOPLIST_FILE = DyLiveUITests/Info.plist;
				LD_RUNPATH_SEARCH_PATHS = "$(inherited) @executable_path/Frameworks @loader_path/Frameworks";
				PRODUCT_BUNDLE_IDENTIFIER = cza.DyLiveUITests;
				PRODUCT_NAME = "$(TARGET_NAME)";
				SWIFT_VERSION = 3.0;
				TEST_TARGET_NAME = DyLive;
			};
			name = Release;
		};
/* End XCBuildConfiguration section */

/* Begin XCConfigurationList section */
		2156F7D71DB1F38D00DF0E26 /* Build configuration list for PBXProject "DyLive" */ = {
			isa = XCConfigurationList;
			buildConfigurations = (
				2156F8021DB1F38D00DF0E26 /* Debug */,
				2156F8031DB1F38D00DF0E26 /* Release */,
			);
			defaultConfigurationIsVisible = 0;
			defaultConfigurationName = Release;
		};
		2156F8041DB1F38D00DF0E26 /* Build configuration list for PBXNativeTarget "DyLive" */ = {
			isa = XCConfigurationList;
			buildConfigurations = (
				2156F8051DB1F38D00DF0E26 /* Debug */,
				2156F8061DB1F38D00DF0E26 /* Release */,
			);
			defaultConfigurationIsVisible = 0;
			defaultConfigurationName = Release;
		};
		2156F8071DB1F38D00DF0E26 /* Build configuration list for PBXNativeTarget "DyLiveTests" */ = {
			isa = XCConfigurationList;
			buildConfigurations = (
				2156F8081DB1F38D00DF0E26 /* Debug */,
				2156F8091DB1F38D00DF0E26 /* Release */,
			);
			defaultConfigurationIsVisible = 0;
			defaultConfigurationName = Release;
		};
		2156F80A1DB1F38D00DF0E26 /* Build configuration list for PBXNativeTarget "DyLiveUITests" */ = {
			isa = XCConfigurationList;
			buildConfigurations = (
				2156F80B1DB1F38D00DF0E26 /* Debug */,
				2156F80C1DB1F38D00DF0E26 /* Release */,
			);
			defaultConfigurationIsVisible = 0;
			defaultConfigurationName = Release;
		};
/* End XCConfigurationList section */
	};
	rootObject = 2156F7D41DB1F38D00DF0E26 /* Project object */;
}
